<?xml version="1.0" encoding="utf-8"?>
<Project ToolsVersion="4.0" xmlns="http://schemas.microsoft.com/developer/msbuild/2003">
  <ItemGroup>
    <ClCompile Include="CBlur.cpp" />
    <ClCompile Include="CBox.cpp" />
    <ClCompile Include="CDeferred.cpp" />
    <ClCompile Include="CGBuffer.cpp" />
    <ClCompile Include="CGround.cpp" />
    <ClCompile Include="CHead.cpp" />
    <ClCompile Include="CShadowMap.cpp" />
    <ClCompile Include="CSSSS.cpp" />
    <ClCompile Include="CModelManager.cpp" />
  </ItemGroup>
  <ItemGroup>
    <ClInclude Include="CBlur.h" />
    <ClInclude Include="CBox.h" />
    <ClInclude Include="CDeferred.h" />
    <ClInclude Include="CGBuffer.h" />
    <ClInclude Include="CGround.h" />
    <ClInclude Include="CHead.h" />
    <ClInclude Include="CShadowMap.h" />
    <ClInclude Include="CSSSS.h" />
    <ClInclude Include="CModelManager.h" />
  </ItemGroup>
  <ItemGroup>
    <Filter Include="shader">
      <UniqueIdentifier>{1d440298-5421-43ef-a56e-802b91293838}</UniqueIdentifier>
    </Filter>
  </ItemGroup>
  <ItemGroup>
    <FxCompile Include="..\shader\BlurX.fx">
      <Filter>shader</Filter>
    </FxCompile>
    <FxCompile Include="..\shader\BlurY.fx">
      <Filter>shader</Filter>
    </FxCompile>
    <FxCompile Include="..\shader\Deferred.fx">
      <Filter>shader</Filter>
    </FxCompile>
    <FxCompile Include="..\shader\GBuffer.fx">
      <Filter>shader</Filter>
    </FxCompile>
    <FxCompile Include="..\shader\SSSSBlurX.fx">
      <Filter>shader</Filter>
    </FxCompile>
    <FxCompile Include="..\shader\SSSSBlurY.fx">
      <Filter>shader</Filter>
    </FxCompile>
    <FxCompile Include="..\shader\SSSSFinal.fx">
      <Filter>shader</Filter>
    </FxCompile>
  </ItemGroup>
</Project>