<?xml version="1.0" encoding="utf-8"?>
<Project ToolsVersion="4.0" xmlns="http://schemas.microsoft.com/developer/msbuild/2003">
  <ItemGroup>
    <ClCompile Include="CBlur.cpp" />
    <ClCompile Include="CBox.cpp" />
    <ClCompile Include="CDeferred.cpp" />
    <ClCompile Include="CGBuffer.cpp" />
    <ClCompile Include="CGround.cpp" />
    <ClCompile Include="CHead.cpp" />
    <ClCompile Include="CSSSS.cpp" />
    <ClCompile Include="CModelManager.cpp" />
    <ClCompile Include="CSSAO.cpp" />
    <ClCompile Include="CShadow.cpp" />
    <ClCompile Include="CSky.cpp" />
    <ClCompile Include="CHeadBox.cpp" />
  </ItemGroup>
  <ItemGroup>
    <ClInclude Include="CBlur.h" />
    <ClInclude Include="CBox.h" />
    <ClInclude Include="CDeferred.h" />
    <ClInclude Include="CGBuffer.h" />
    <ClInclude Include="CGround.h" />
    <ClInclude Include="CHead.h" />
    <ClInclude Include="CSSSS.h" />
    <ClInclude Include="CModelManager.h" />
    <ClInclude Include="CSSAO.h" />
    <ClInclude Include="CShadow.h" />
    <ClInclude Include="CSky.h" />
    <ClInclude Include="CHeadBox.h" />
  </ItemGroup>
</Project>